# THIS IS AN AUTOGENERATED FILE. DO NOT EDIT THIS FILE DIRECTLY.
# yarn lockfile v1


"@editorjs/editorjs@^2.18.0":
  version "2.18.0"
  resolved "https://registry.yarnpkg.com/@editorjs/editorjs/-/editorjs-2.18.0.tgz#bde42183013f5ca98693e77986cc9d8b2c9a1244"
  integrity sha512-9OKs580JFKoXCAw7llb19E+qxY6QuzgDBq50cKbyOS1Lt+BglTq/zBdXxmRWNRTlCMxjTB1vgnq70+OjEyDSlw==
  dependencies:
    codex-notifier "^1.1.2"
    codex-tooltip "^1.0.1"

"@editorjs/header@^2.5.0":
  version "2.5.0"
  resolved "https://registry.yarnpkg.com/@editorjs/header/-/header-2.5.0.tgz#f6266d5b7e639fc38289291160f9c41ab12d9da5"
  integrity sha512-7j8g5/pjb7WtzjpANai/BoUK4QnZdNLt6Q4YRWL8xfLfUtN2M6zEfV11TuEh/l6eZlO0f/5vkXDFXDsbfeJfDA==

"@editorjs/list@^1.5.0":
  version "1.5.0"
  resolved "https://registry.yarnpkg.com/@editorjs/list/-/list-1.5.0.tgz#8675c82caa25f50744a4b072a7911163ce26bd74"
  integrity sha512-LzZuJwJ2HxCkuaPrp3zYdQGvMC8dzXjewqWEBZ9mpq0fVwBAse4o9QB2mWvJxZ93UtLqQE7f9vrbHotG2uW9Qg==

codex-notifier@^1.1.2:
  version "1.1.2"
  resolved "https://registry.yarnpkg.com/codex-notifier/-/codex-notifier-1.1.2.tgz#a733079185f4c927fa296f1d71eb8753fe080895"
  integrity sha512-DCp6xe/LGueJ1N5sXEwcBc3r3PyVkEEDNWCVigfvywAkeXcZMk9K41a31tkEFBW0Ptlwji6/JlAb49E3Yrxbtg==

codex-tooltip@^1.0.1:
  version "1.0.1"
  resolved "https://registry.yarnpkg.com/codex-tooltip/-/codex-tooltip-1.0.1.tgz#f6e4f39d81507f9c455b667f1287746d14ee8056"
  integrity sha512-1xLb1NZbxguNtf02xBRhDphq/EXvMMeEbY0ievjQTHqf8UjXsD41evGk9rqcbjpl+JOjNgtwnp1OaU/X/h6fhQ==
